
Microsoft Visual Studio Solution File, Format Version 12.00
# Visual Studio Version 17
VisualStudioVersion = 17.4.33110.190
MinimumVisualStudioVersion = 10.0.40219.1
Project("{2150E333-8FDC-42A3-9474-1A3956D46DE8}") = "ApplicationCore", "ApplicationCore", "{09143395-6461-40A7-8A2F-563D14CF2BF6}"
EndProject
Project("{2150E333-8FDC-42A3-9474-1A3956D46DE8}") = "DistributedServices", "DistributedServices", "{F69EBF84-4BBB-4CFF-82E2-87BFF2B6EC77}"
EndProject
Project("{2150E333-8FDC-42A3-9474-1A3956D46DE8}") = "Infrastructure", "Infrastructure", "{7ED95307-C16B-483F-A06F-23AB9F099FFF}"
EndProject
Project("{2150E333-8FDC-42A3-9474-1A3956D46DE8}") = "UI", "UI", "{B6E34738-0087-4488-8C9B-71D8D0FD3280}"
EndProject
Project("{2150E333-8FDC-42A3-9474-1A3956D46DE8}") = "Framework", "Framework", "{0EB8F605-3317-4FE7-856A-6D1A67848289}"
EndProject
Project("{FAE04EC0-301F-11D3-BF4B-00C04F79EFBC}") = "System.Donation.Core", "System\System.Donation.Core.csproj", "{6F07E700-0C6D-4F8D-8BEF-D2F58C735234}"
EndProject
Project("{FAE04EC0-301F-11D3-BF4B-00C04F79EFBC}") = "System.Donors.API", "System.Donors.API\System.Donors.API.csproj", "{9E3FF70F-2D0E-4C9E-8EB1-23F9F497836C}"
EndProject
Project("{FAE04EC0-301F-11D3-BF4B-00C04F79EFBC}") = "System.Donation.Services", "System.Donation.Services\System.Donation.Services.csproj", "{F6C45BA3-420A-4D36-B6B5-6620CDE8BA3B}"
EndProject
Project("{FAE04EC0-301F-11D3-BF4B-00C04F79EFBC}") = "System.Donation.Dapper", "System.Donation.Dapper\System.Donation.Dapper.csproj", "{667DA198-BF1C-4070-B7D2-1D545E2268C0}"
EndProject
Project("{FAE04EC0-301F-11D3-BF4B-00C04F79EFBC}") = "Donation.Core.Data", "Donation.Core.Data\Donation.Core.Data.csproj", "{4E7CEF8B-0D3B-4ED1-9D60-DB0CA8AF39DB}"
EndProject
Global
	GlobalSection(SolutionConfigurationPlatforms) = preSolution
		Debug|Any CPU = Debug|Any CPU
		Release|Any CPU = Release|Any CPU
	EndGlobalSection
	GlobalSection(ProjectConfigurationPlatforms) = postSolution
		{6F07E700-0C6D-4F8D-8BEF-D2F58C735234}.Debug|Any CPU.ActiveCfg = Debug|Any CPU
		{6F07E700-0C6D-4F8D-8BEF-D2F58C735234}.Debug|Any CPU.Build.0 = Debug|Any CPU
		{6F07E700-0C6D-4F8D-8BEF-D2F58C735234}.Release|Any CPU.ActiveCfg = Release|Any CPU
		{6F07E700-0C6D-4F8D-8BEF-D2F58C735234}.Release|Any CPU.Build.0 = Release|Any CPU
		{9E3FF70F-2D0E-4C9E-8EB1-23F9F497836C}.Debug|Any CPU.ActiveCfg = Debug|Any CPU
		{9E3FF70F-2D0E-4C9E-8EB1-23F9F497836C}.Debug|Any CPU.Build.0 = Debug|Any CPU
		{9E3FF70F-2D0E-4C9E-8EB1-23F9F497836C}.Release|Any CPU.ActiveCfg = Release|Any CPU
		{9E3FF70F-2D0E-4C9E-8EB1-23F9F497836C}.Release|Any CPU.Build.0 = Release|Any CPU
		{F6C45BA3-420A-4D36-B6B5-6620CDE8BA3B}.Debug|Any CPU.ActiveCfg = Debug|Any CPU
		{F6C45BA3-420A-4D36-B6B5-6620CDE8BA3B}.Debug|Any CPU.Build.0 = Debug|Any CPU
		{F6C45BA3-420A-4D36-B6B5-6620CDE8BA3B}.Release|Any CPU.ActiveCfg = Release|Any CPU
		{F6C45BA3-420A-4D36-B6B5-6620CDE8BA3B}.Release|Any CPU.Build.0 = Release|Any CPU
		{667DA198-BF1C-4070-B7D2-1D545E2268C0}.Debug|Any CPU.ActiveCfg = Debug|Any CPU
		{667DA198-BF1C-4070-B7D2-1D545E2268C0}.Debug|Any CPU.Build.0 = Debug|Any CPU
		{667DA198-BF1C-4070-B7D2-1D545E2268C0}.Release|Any CPU.ActiveCfg = Release|Any CPU
		{667DA198-BF1C-4070-B7D2-1D545E2268C0}.Release|Any CPU.Build.0 = Release|Any CPU
		{4E7CEF8B-0D3B-4ED1-9D60-DB0CA8AF39DB}.Debug|Any CPU.ActiveCfg = Debug|Any CPU
		{4E7CEF8B-0D3B-4ED1-9D60-DB0CA8AF39DB}.Debug|Any CPU.Build.0 = Debug|Any CPU
		{4E7CEF8B-0D3B-4ED1-9D60-DB0CA8AF39DB}.Release|Any CPU.ActiveCfg = Release|Any CPU
		{4E7CEF8B-0D3B-4ED1-9D60-DB0CA8AF39DB}.Release|Any CPU.Build.0 = Release|Any CPU
	EndGlobalSection
	GlobalSection(SolutionProperties) = preSolution
		HideSolutionNode = FALSE
	EndGlobalSection
	GlobalSection(NestedProjects) = preSolution
		{0EB8F605-3317-4FE7-856A-6D1A67848289} = {09143395-6461-40A7-8A2F-563D14CF2BF6}
		{6F07E700-0C6D-4F8D-8BEF-D2F58C735234} = {09143395-6461-40A7-8A2F-563D14CF2BF6}
		{9E3FF70F-2D0E-4C9E-8EB1-23F9F497836C} = {F69EBF84-4BBB-4CFF-82E2-87BFF2B6EC77}
		{F6C45BA3-420A-4D36-B6B5-6620CDE8BA3B} = {7ED95307-C16B-483F-A06F-23AB9F099FFF}
		{667DA198-BF1C-4070-B7D2-1D545E2268C0} = {7ED95307-C16B-483F-A06F-23AB9F099FFF}
		{4E7CEF8B-0D3B-4ED1-9D60-DB0CA8AF39DB} = {0EB8F605-3317-4FE7-856A-6D1A67848289}
	EndGlobalSection
	GlobalSection(ExtensibilityGlobals) = postSolution
		SolutionGuid = {BB6B69C3-6170-4F7C-88C2-D99B0C4106D0}
	EndGlobalSection
EndGlobal
